
Microsoft Visual Studio Solution File, Format Version 12.00
# Visual Studio 15
VisualStudioVersion = 15.0.27130.2026
MinimumVisualStudioVersion = 10.0.40219.1
Project("{FAE04EC0-301F-11D3-BF4B-00C04F79EFBC}") = "StudentApplication.API", "StudentApplication.API\StudentApplication.API.csproj", "{87C2529E-827C-4A90-BD04-5304EAEFE40F}"
EndProject
Global
	GlobalSection(SolutionConfigurationPlatforms) = preSolution
		Debug|Any CPU = Debug|Any CPU
		Release|Any CPU = Release|Any CPU
	EndGlobalSection
	GlobalSection(ProjectConfigurationPlatforms) = postSolution
		{87C2529E-827C-4A90-BD04-5304EAEFE40F}.Debug|Any CPU.ActiveCfg = Debug|Any CPU
		{87C2529E-827C-4A90-BD04-5304EAEFE40F}.Debug|Any CPU.Build.0 = Debug|Any CPU
		{87C2529E-827C-4A90-BD04-5304EAEFE40F}.Release|Any CPU.ActiveCfg = Release|Any CPU
		{87C2529E-827C-4A90-BD04-5304EAEFE40F}.Release|Any CPU.Build.0 = Release|Any CPU
	EndGlobalSection
	GlobalSection(SolutionProperties) = preSolution
		HideSolutionNode = FALSE
	EndGlobalSection
	GlobalSection(ExtensibilityGlobals) = postSolution
		SolutionGuid = {89C9E0A8-E3E0-45B0-BDEE-0C71F1CA1F68}
	EndGlobalSection
EndGlobal
